
Microsoft Visual Studio Solution File, Format Version 12.00
# Visual Studio Version 16
VisualStudioVersion = 16.0.31729.503
MinimumVisualStudioVersion = 10.0.40219.1
Project("{FAE04EC0-301F-11D3-BF4B-00C04F79EFBC}") = "CW1-MicroservicesAPI-7784", "CW1-MicroservicesAPI-7784\CW1-MicroservicesAPI-7784.csproj", "{D25BC71C-99AC-4630-9BF8-3D1DE1FD378F}"
EndProject
Global
	GlobalSection(SolutionConfigurationPlatforms) = preSolution
		Debug|Any CPU = Debug|Any CPU
		Release|Any CPU = Release|Any CPU
	EndGlobalSection
	GlobalSection(ProjectConfigurationPlatforms) = postSolution
		{D25BC71C-99AC-4630-9BF8-3D1DE1FD378F}.Debug|Any CPU.ActiveCfg = Debug|Any CPU
		{D25BC71C-99AC-4630-9BF8-3D1DE1FD378F}.Debug|Any CPU.Build.0 = Debug|Any CPU
		{D25BC71C-99AC-4630-9BF8-3D1DE1FD378F}.Release|Any CPU.ActiveCfg = Release|Any CPU
		{D25BC71C-99AC-4630-9BF8-3D1DE1FD378F}.Release|Any CPU.Build.0 = Release|Any CPU
	EndGlobalSection
	GlobalSection(SolutionProperties) = preSolution
		HideSolutionNode = FALSE
	EndGlobalSection
	GlobalSection(ExtensibilityGlobals) = postSolution
		SolutionGuid = {CCB2CF4E-A730-4914-BE73-0D3FD1E0B30B}
	EndGlobalSection
EndGlobal
